Microsoft Visual Studio Solution File, Format Version 11.00
# Visual Studio 2008

Project("{FE317931-43FE-2B5C-6A98-74B2FA97C284}") = "MatricesAgain", "Assembly-CSharp.csproj", "{911E2172-1B3A-56F8-CE17-3A6D147E0C03}"
EndProject
Global
	GlobalSection(SolutionConfigurationPlatforms) = preSolution
		Debug|Any CPU = Debug|Any CPU
		Release|Any CPU = Release|Any CPU
	EndGlobalSection
	GlobalSection(ProjectConfigurationPlatforms) = postSolution
		{911E2172-1B3A-56F8-CE17-3A6D147E0C03}.Debug|Any CPU.ActiveCfg = Debug|Any CPU
		{911E2172-1B3A-56F8-CE17-3A6D147E0C03}.Debug|Any CPU.Build.0 = Debug|Any CPU
		{911E2172-1B3A-56F8-CE17-3A6D147E0C03}.Release|Any CPU.ActiveCfg = Release|Any CPU
		{911E2172-1B3A-56F8-CE17-3A6D147E0C03}.Release|Any CPU.Build.0 = Release|Any CPU
	EndGlobalSection
	GlobalSection(SolutionProperties) = preSolution
		HideSolutionNode = FALSE
	EndGlobalSection
	GlobalSection(MonoDevelopProperties) = preSolution
		StartupItem = Assembly-CSharp.csproj
	EndGlobalSection
EndGlobal
