Microsoft Visual Studio Solution File, Format Version 11.00
# Visual Studio 2008

Project("{4FEF0DF1-8EF6-4199-E59C-B344B52492C6}") = "FramesPerSecond", "Assembly-CSharp.csproj", "{BA5BCD09-5153-D95B-3481-69CA06A54E26}"
EndProject
Global
	GlobalSection(SolutionConfigurationPlatforms) = preSolution
		Debug|Any CPU = Debug|Any CPU
		Release|Any CPU = Release|Any CPU
	EndGlobalSection
	GlobalSection(ProjectConfigurationPlatforms) = postSolution
		{BA5BCD09-5153-D95B-3481-69CA06A54E26}.Debug|Any CPU.ActiveCfg = Debug|Any CPU
		{BA5BCD09-5153-D95B-3481-69CA06A54E26}.Debug|Any CPU.Build.0 = Debug|Any CPU
		{BA5BCD09-5153-D95B-3481-69CA06A54E26}.Release|Any CPU.ActiveCfg = Release|Any CPU
		{BA5BCD09-5153-D95B-3481-69CA06A54E26}.Release|Any CPU.Build.0 = Release|Any CPU
	EndGlobalSection
	GlobalSection(SolutionProperties) = preSolution
		HideSolutionNode = FALSE
	EndGlobalSection
	GlobalSection(MonoDevelopProperties) = preSolution
		StartupItem = Assembly-CSharp.csproj
	EndGlobalSection
EndGlobal
