Microsoft Visual Studio Solution File, Format Version 11.00
# Visual Studio 2008

Project("{E2E7BF84-A85B-27F4-5B32-ED4EE540A406}") = "WalkingSim", "Assembly-CSharp.csproj", "{FAB70C8B-02A1-4968-AE2E-B03D62F6CBAF}"
EndProject
Global
	GlobalSection(SolutionConfigurationPlatforms) = preSolution
		Debug|Any CPU = Debug|Any CPU
		Release|Any CPU = Release|Any CPU
	EndGlobalSection
	GlobalSection(ProjectConfigurationPlatforms) = postSolution
		{FAB70C8B-02A1-4968-AE2E-B03D62F6CBAF}.Debug|Any CPU.ActiveCfg = Debug|Any CPU
		{FAB70C8B-02A1-4968-AE2E-B03D62F6CBAF}.Debug|Any CPU.Build.0 = Debug|Any CPU
		{FAB70C8B-02A1-4968-AE2E-B03D62F6CBAF}.Release|Any CPU.ActiveCfg = Release|Any CPU
		{FAB70C8B-02A1-4968-AE2E-B03D62F6CBAF}.Release|Any CPU.Build.0 = Release|Any CPU
	EndGlobalSection
	GlobalSection(SolutionProperties) = preSolution
		HideSolutionNode = FALSE
	EndGlobalSection
	GlobalSection(MonoDevelopProperties) = preSolution
		StartupItem = Assembly-CSharp.csproj
	EndGlobalSection
EndGlobal
