Microsoft Visual Studio Solution File, Format Version 11.00
# Visual Studio 2008

Project("{A88547A9-EFC6-00AA-0F9D-BB1C642777A8}") = "RoundedCube", "Assembly-CSharp.csproj", "{7D979126-34F4-AFBC-1946-FA49FA75F308}"
EndProject
Global
	GlobalSection(SolutionConfigurationPlatforms) = preSolution
		Debug|Any CPU = Debug|Any CPU
		Release|Any CPU = Release|Any CPU
	EndGlobalSection
	GlobalSection(ProjectConfigurationPlatforms) = postSolution
		{7D979126-34F4-AFBC-1946-FA49FA75F308}.Debug|Any CPU.ActiveCfg = Debug|Any CPU
		{7D979126-34F4-AFBC-1946-FA49FA75F308}.Debug|Any CPU.Build.0 = Debug|Any CPU
		{7D979126-34F4-AFBC-1946-FA49FA75F308}.Release|Any CPU.ActiveCfg = Release|Any CPU
		{7D979126-34F4-AFBC-1946-FA49FA75F308}.Release|Any CPU.Build.0 = Release|Any CPU
	EndGlobalSection
	GlobalSection(SolutionProperties) = preSolution
		HideSolutionNode = FALSE
	EndGlobalSection
	GlobalSection(MonoDevelopProperties) = preSolution
		StartupItem = Assembly-CSharp.csproj
	EndGlobalSection
EndGlobal
